
Microsoft Visual Studio Solution File, Format Version 12.00
# Visual Studio 14
VisualStudioVersion = 14.0.25420.1
MinimumVisualStudioVersion = 10.0.40219.1
Project("{FAE04EC0-301F-11D3-BF4B-00C04F79EFBC}") = "AgendaEletronica", "AgendaEletronica\AgendaEletronica.csproj", "{53F367B2-FE07-4BFD-ADC8-8C66F1BFA1E0}"
EndProject
Project("{FAE04EC0-301F-11D3-BF4B-00C04F79EFBC}") = "Controllers", "Controllers\Controllers.csproj", "{34D72DF1-D0AA-4C48-89E4-624B671EF9A6}"
EndProject
Project("{FAE04EC0-301F-11D3-BF4B-00C04F79EFBC}") = "Models", "Models\Models.csproj", "{BEACB05F-9665-4B33-9E40-BA78772EEA4D}"
EndProject
Project("{FAE04EC0-301F-11D3-BF4B-00C04F79EFBC}") = "WPFView", "WPFView\WPFView.csproj", "{DCEB1484-9574-4E72-8E8C-C80A74865F29}"
EndProject
Global
	GlobalSection(SolutionConfigurationPlatforms) = preSolution
		Debug|Any CPU = Debug|Any CPU
		Release|Any CPU = Release|Any CPU
	EndGlobalSection
	GlobalSection(ProjectConfigurationPlatforms) = postSolution
		{53F367B2-FE07-4BFD-ADC8-8C66F1BFA1E0}.Debug|Any CPU.ActiveCfg = Debug|Any CPU
		{53F367B2-FE07-4BFD-ADC8-8C66F1BFA1E0}.Debug|Any CPU.Build.0 = Debug|Any CPU
		{53F367B2-FE07-4BFD-ADC8-8C66F1BFA1E0}.Release|Any CPU.ActiveCfg = Release|Any CPU
		{53F367B2-FE07-4BFD-ADC8-8C66F1BFA1E0}.Release|Any CPU.Build.0 = Release|Any CPU
		{34D72DF1-D0AA-4C48-89E4-624B671EF9A6}.Debug|Any CPU.ActiveCfg = Debug|Any CPU
		{34D72DF1-D0AA-4C48-89E4-624B671EF9A6}.Debug|Any CPU.Build.0 = Debug|Any CPU
		{34D72DF1-D0AA-4C48-89E4-624B671EF9A6}.Release|Any CPU.ActiveCfg = Release|Any CPU
		{34D72DF1-D0AA-4C48-89E4-624B671EF9A6}.Release|Any CPU.Build.0 = Release|Any CPU
		{BEACB05F-9665-4B33-9E40-BA78772EEA4D}.Debug|Any CPU.ActiveCfg = Debug|Any CPU
		{BEACB05F-9665-4B33-9E40-BA78772EEA4D}.Debug|Any CPU.Build.0 = Debug|Any CPU
		{BEACB05F-9665-4B33-9E40-BA78772EEA4D}.Release|Any CPU.ActiveCfg = Release|Any CPU
		{BEACB05F-9665-4B33-9E40-BA78772EEA4D}.Release|Any CPU.Build.0 = Release|Any CPU
		{DCEB1484-9574-4E72-8E8C-C80A74865F29}.Debug|Any CPU.ActiveCfg = Debug|Any CPU
		{DCEB1484-9574-4E72-8E8C-C80A74865F29}.Debug|Any CPU.Build.0 = Debug|Any CPU
		{DCEB1484-9574-4E72-8E8C-C80A74865F29}.Release|Any CPU.ActiveCfg = Release|Any CPU
		{DCEB1484-9574-4E72-8E8C-C80A74865F29}.Release|Any CPU.Build.0 = Release|Any CPU
	EndGlobalSection
	GlobalSection(SolutionProperties) = preSolution
		HideSolutionNode = FALSE
	EndGlobalSection
	GlobalSection(ExtensibilityGlobals) = postSolution
		SolutionGuid = {81AF269A-7A6D-468A-BF60-D14405C8B45C}
	EndGlobalSection
EndGlobal
